
Microsoft Visual Studio Solution File, Format Version 12.00
# Visual Studio Version 17
VisualStudioVersion = 17.13.35806.99 d17.13
MinimumVisualStudioVersion = 10.0.40219.1
Project("{FAE04EC0-301F-11D3-BF4B-00C04F79EFBC}") = "MatrixLib", "MatrixLib\MatrixLib.csproj", "{EFE04756-24C7-4B06-9F56-9629A8E025F6}"
EndProject
Project("{FAE04EC0-301F-11D3-BF4B-00C04F79EFBC}") = "MatrixApp", "MatrixApp\MatrixApp.csproj", "{B4D87C17-9B40-4CFD-BA51-78395EE8CCE2}"
EndProject
Global
	GlobalSection(SolutionConfigurationPlatforms) = preSolution
		Debug|Any CPU = Debug|Any CPU
		Release|Any CPU = Release|Any CPU
	EndGlobalSection
	GlobalSection(ProjectConfigurationPlatforms) = postSolution
		{EFE04756-24C7-4B06-9F56-9629A8E025F6}.Debug|Any CPU.ActiveCfg = Debug|Any CPU
		{EFE04756-24C7-4B06-9F56-9629A8E025F6}.Debug|Any CPU.Build.0 = Debug|Any CPU
		{EFE04756-24C7-4B06-9F56-9629A8E025F6}.Release|Any CPU.ActiveCfg = Release|Any CPU
		{EFE04756-24C7-4B06-9F56-9629A8E025F6}.Release|Any CPU.Build.0 = Release|Any CPU
		{B4D87C17-9B40-4CFD-BA51-78395EE8CCE2}.Debug|Any CPU.ActiveCfg = Debug|Any CPU
		{B4D87C17-9B40-4CFD-BA51-78395EE8CCE2}.Debug|Any CPU.Build.0 = Debug|Any CPU
		{B4D87C17-9B40-4CFD-BA51-78395EE8CCE2}.Release|Any CPU.ActiveCfg = Release|Any CPU
		{B4D87C17-9B40-4CFD-BA51-78395EE8CCE2}.Release|Any CPU.Build.0 = Release|Any CPU
	EndGlobalSection
	GlobalSection(SolutionProperties) = preSolution
		HideSolutionNode = FALSE
	EndGlobalSection
	GlobalSection(ExtensibilityGlobals) = postSolution
		SolutionGuid = {2AF78EFA-ABB1-4B3B-A1D3-08D7CAF414D0}
	EndGlobalSection
EndGlobal
